// !$*UTF8*$!
{
	archiveVersion = 1;
	classes = {
	};
	objectVersion = 46;
	objects = {

/* Begin PBXBuildFile section */
		E949E68A181018FC0050FAD9 /* BaseViewController.m in Sources */ = {isa = PBXBuildFile; fileRef = E949E689181018FC0050FAD9 /* BaseViewController.m */; };
		E949E69118101A4F0050FAD9 /* InputSettingEditViewController.m in Sources */ = {isa = PBXBuildFile; fileRef = E949E69018101A4F0050FAD9 /* InputSettingEditViewController.m */; };
		E949E6981810337F0050FAD9 /* PickerDataSource.m in Sources */ = {isa = PBXBuildFile; fileRef = E949E6971810337F0050FAD9 /* PickerDataSource.m */; };
		E949E69B18103DFE0050FAD9 /* OutputSettingListViewController.m in Sources */ = {isa = PBXBuildFile; fileRef = E949E69A18103DFE0050FAD9 /* OutputSettingListViewController.m */; };
		E949E69E1810C79A0050FAD9 /* OutputSettingListViewCell.m in Sources */ = {isa = PBXBuildFile; fileRef = E949E69D1810C79A0050FAD9 /* OutputSettingListViewCell.m */; };
		E949E6A1181132C80050FAD9 /* OutputSettingEditViewController.m in Sources */ = {isa = PBXBuildFile; fileRef = E949E6A0181132C80050FAD9 /* OutputSettingEditViewController.m */; };
		E949E6A4181133E90050FAD9 /* 739-question.png in Resources */ = {isa = PBXBuildFile; fileRef = E949E6A2181133E90050FAD9 /* 739-question.png */; };
		E949E6A5181133E90050FAD9 /* 739-question@2x.png in Resources */ = {isa = PBXBuildFile; fileRef = E949E6A3181133E90050FAD9 /* 739-question@2x.png */; };
		E9578EFF17FDB2F50035B289 /* Foundation.framework in Frameworks */ = {isa = PBXBuildFile; fileRef = E9578EFE17FDB2F50035B289 /* Foundation.framework */; };
		E9578F0117FDB2F50035B289 /* CoreGraphics.framework in Frameworks */ = {isa = PBXBuildFile; fileRef = E9578F0017FDB2F50035B289 /* CoreGraphics.framework */; };
		E9578F0317FDB2F50035B289 /* UIKit.framework in Frameworks */ = {isa = PBXBuildFile; fileRef = E9578F0217FDB2F50035B289 /* UIKit.framework */; };
		E9578F0917FDB2F60035B289 /* InfoPlist.strings in Resources */ = {isa = PBXBuildFile; fileRef = E9578F0717FDB2F60035B289 /* InfoPlist.strings */; };
		E9578F0B17FDB2F60035B289 /* main.m in Sources */ = {isa = PBXBuildFile; fileRef = E9578F0A17FDB2F60035B289 /* main.m */; };
		E9578F0F17FDB2F60035B289 /* AppDelegate.m in Sources */ = {isa = PBXBuildFile; fileRef = E9578F0E17FDB2F60035B289 /* AppDelegate.m */; };
		E9578F1217FDB2F60035B289 /* Main.storyboard in Resources */ = {isa = PBXBuildFile; fileRef = E9578F1017FDB2F60035B289 /* Main.storyboard */; };
		E9578F1517FDB2F60035B289 /* CostInputViewController.m in Sources */ = {isa = PBXBuildFile; fileRef = E9578F1417FDB2F60035B289 /* CostInputViewController.m */; };
		E9578F1717FDB2F60035B289 /* Images.xcassets in Resources */ = {isa = PBXBuildFile; fileRef = E9578F1617FDB2F60035B289 /* Images.xcassets */; };
		E9578F1E17FDB2F60035B289 /* XCTest.framework in Frameworks */ = {isa = PBXBuildFile; fileRef = E9578F1D17FDB2F60035B289 /* XCTest.framework */; };
		E9578F1F17FDB2F60035B289 /* Foundation.framework in Frameworks */ = {isa = PBXBuildFile; fileRef = E9578EFE17FDB2F50035B289 /* Foundation.framework */; };
		E9578F2017FDB2F60035B289 /* UIKit.framework in Frameworks */ = {isa = PBXBuildFile; fileRef = E9578F0217FDB2F50035B289 /* UIKit.framework */; };
		E9578F2817FDB2F60035B289 /* InfoPlist.strings in Resources */ = {isa = PBXBuildFile; fileRef = E9578F2617FDB2F60035B289 /* InfoPlist.strings */; };
		E9578F2A17FDB2F60035B289 /* TravelCostTests.m in Sources */ = {isa = PBXBuildFile; fileRef = E9578F2917FDB2F60035B289 /* TravelCostTests.m */; };
		E986B7461802F3C300C1E5C1 /* PickerKeyboardView.xib in Resources */ = {isa = PBXBuildFile; fileRef = E986B7451802F3C300C1E5C1 /* PickerKeyboardView.xib */; };
		E986B7491802F41A00C1E5C1 /* PickerKeyboardViewController.m in Sources */ = {isa = PBXBuildFile; fileRef = E986B7481802F41A00C1E5C1 /* PickerKeyboardViewController.m */; };
		E99101C718044AC300F3B048 /* ViewUtil.m in Sources */ = {isa = PBXBuildFile; fileRef = E99101C618044AC300F3B048 /* ViewUtil.m */; };
		E99101CD18044F4C00F3B048 /* QuartzCore.framework in Frameworks */ = {isa = PBXBuildFile; fileRef = E99101CC18044F4C00F3B048 /* QuartzCore.framework */; };
		E99101D118044FFF00F3B048 /* iToast.m in Sources */ = {isa = PBXBuildFile; fileRef = E99101D018044FFF00F3B048 /* iToast.m */; };
		E99101DB18046CD300F3B048 /* 740-gear.png in Resources */ = {isa = PBXBuildFile; fileRef = E99101D918046CD300F3B048 /* 740-gear.png */; };
		E99101DC18046CD300F3B048 /* 740-gear@2x.png in Resources */ = {isa = PBXBuildFile; fileRef = E99101DA18046CD300F3B048 /* 740-gear@2x.png */; };
		E99101DF18046DEF00F3B048 /* 785-floppy-disk.png in Resources */ = {isa = PBXBuildFile; fileRef = E99101DD18046DEF00F3B048 /* 785-floppy-disk.png */; };
		E99101E018046DEF00F3B048 /* 785-floppy-disk@2x.png in Resources */ = {isa = PBXBuildFile; fileRef = E99101DE18046DEF00F3B048 /* 785-floppy-disk@2x.png */; };
		E99101E318046DFF00F3B048 /* 854-list.png in Resources */ = {isa = PBXBuildFile; fileRef = E99101E118046DFF00F3B048 /* 854-list.png */; };
		E99101E418046DFF00F3B048 /* 854-list@2x.png in Resources */ = {isa = PBXBuildFile; fileRef = E99101E218046DFF00F3B048 /* 854-list@2x.png */; };
		E99101E718046E2D00F3B048 /* 729-top-list.png in Resources */ = {isa = PBXBuildFile; fileRef = E99101E518046E2D00F3B048 /* 729-top-list.png */; };
		E99101E818046E2D00F3B048 /* 729-top-list@2x.png in Resources */ = {isa = PBXBuildFile; fileRef = E99101E618046E2D00F3B048 /* 729-top-list@2x.png */; };
		E99101EB1805110000F3B048 /* 711-trash.png in Resources */ = {isa = PBXBuildFile; fileRef = E99101E91805110000F3B048 /* 711-trash.png */; };
		E99101EC1805110000F3B048 /* 711-trash@2x.png in Resources */ = {isa = PBXBuildFile; fileRef = E99101EA1805110000F3B048 /* 711-trash@2x.png */; };
		E992E69A18029C1E00ED032A /* InputViewCell.m in Sources */ = {isa = PBXBuildFile; fileRef = E992E69918029C1E00ED032A /* InputViewCell.m */; };
		E992E69C1802B09B00ED032A /* DateKeyboardView.xib in Resources */ = {isa = PBXBuildFile; fileRef = E992E69B1802B09B00ED032A /* DateKeyboardView.xib */; };
		E992E6A21802B45500ED032A /* DateKeyboardViewController.m in Sources */ = {isa = PBXBuildFile; fileRef = E992E6A11802B45500ED032A /* DateKeyboardViewController.m */; };
		E9B13E0F17FE6AF40089B860 /* MJPopupBackgroundView.m in Sources */ = {isa = PBXBuildFile; fileRef = E9B13E0C17FE6AF40089B860 /* MJPopupBackgroundView.m */; };
		E9B13E1017FE6AF40089B860 /* UIViewController+MJPopupViewController.m in Sources */ = {isa = PBXBuildFile; fileRef = E9B13E0E17FE6AF40089B860 /* UIViewController+MJPopupViewController.m */; };
		E9B13E1717FE77CA0089B860 /* ItemValueModel.m in Sources */ = {isa = PBXBuildFile; fileRef = E9B13E1617FE77CA0089B860 /* ItemValueModel.m */; };
		E9B13E1A17FE77CA0089B860 /* TravelCostModel.m in Sources */ = {isa = PBXBuildFile; fileRef = E9B13E1917FE77CA0089B860 /* TravelCostModel.m */; };
		E9B13E1D17FE77CA0089B860 /* ItemSettingModel.m in Sources */ = {isa = PBXBuildFile; fileRef = E9B13E1C17FE77CA0089B860 /* ItemSettingModel.m */; };
		E9B13E3017FEA5940089B860 /* FMDatabase.m in Sources */ = {isa = PBXBuildFile; fileRef = E9B13E2617FEA5940089B860 /* FMDatabase.m */; };
		E9B13E3117FEA5940089B860 /* FMDatabaseAdditions.m in Sources */ = {isa = PBXBuildFile; fileRef = E9B13E2817FEA5940089B860 /* FMDatabaseAdditions.m */; };
		E9B13E3217FEA5940089B860 /* FMDatabasePool.m in Sources */ = {isa = PBXBuildFile; fileRef = E9B13E2A17FEA5940089B860 /* FMDatabasePool.m */; };
		E9B13E3317FEA5940089B860 /* FMDatabaseQueue.m in Sources */ = {isa = PBXBuildFile; fileRef = E9B13E2C17FEA5940089B860 /* FMDatabaseQueue.m */; };
		E9B13E3517FEA5940089B860 /* FMResultSet.m in Sources */ = {isa = PBXBuildFile; fileRef = E9B13E2F17FEA5940089B860 /* FMResultSet.m */; };
		E9B13E3717FEA5C40089B860 /* libsqlite3.dylib in Frameworks */ = {isa = PBXBuildFile; fileRef = E9B13E3617FEA5C40089B860 /* libsqlite3.dylib */; };
		E9B13E3A17FEAA170089B860 /* DatabaseManager.m in Sources */ = {isa = PBXBuildFile; fileRef = E9B13E3917FEAA170089B860 /* DatabaseManager.m */; };
		E9B13E3E17FEAE050089B860 /* TravelCostDao.m in Sources */ = {isa = PBXBuildFile; fileRef = E9B13E3D17FEAE050089B860 /* TravelCostDao.m */; };
		E9B13E4117FEB8C80089B860 /* Dao.m in Sources */ = {isa = PBXBuildFile; fileRef = E9B13E4017FEB8C80089B860 /* Dao.m */; };
		E9B13E4A17FEBA000089B860 /* Model.m in Sources */ = {isa = PBXBuildFile; fileRef = E9B13E4917FEBA000089B860 /* Model.m */; };
		E9B13E5B18004CC00089B860 /* DateTimeUtil.m in Sources */ = {isa = PBXBuildFile; fileRef = E9B13E5A18004CC00089B860 /* DateTimeUtil.m */; };
		E9B13E5E18005B780089B860 /* ItemSettingDao.m in Sources */ = {isa = PBXBuildFile; fileRef = E9B13E5D18005B780089B860 /* ItemSettingDao.m */; };
		E9B13E6118005BD60089B860 /* ItemValueDao.m in Sources */ = {isa = PBXBuildFile; fileRef = E9B13E6018005BD60089B860 /* ItemValueDao.m */; };
		E9BF9CEE18053CDE0055FBA3 /* 765-arrow-left.png in Resources */ = {isa = PBXBuildFile; fileRef = E9BF9CEA18053CDE0055FBA3 /* 765-arrow-left.png */; };
		E9BF9CEF18053CDE0055FBA3 /* 765-arrow-left@2x.png in Resources */ = {isa = PBXBuildFile; fileRef = E9BF9CEB18053CDE0055FBA3 /* 765-arrow-left@2x.png */; };
		E9BF9CF018053CDE0055FBA3 /* 766-arrow-right.png in Resources */ = {isa = PBXBuildFile; fileRef = E9BF9CEC18053CDE0055FBA3 /* 766-arrow-right.png */; };
		E9BF9CF118053CDE0055FBA3 /* 766-arrow-right@2x.png in Resources */ = {isa = PBXBuildFile; fileRef = E9BF9CED18053CDE0055FBA3 /* 766-arrow-right@2x.png */; };
		E9BF9CF418053E5B0055FBA3 /* 730-envelope.png in Resources */ = {isa = PBXBuildFile; fileRef = E9BF9CF218053E5B0055FBA3 /* 730-envelope.png */; };
		E9BF9CF518053E5B0055FBA3 /* 730-envelope@2x.png in Resources */ = {isa = PBXBuildFile; fileRef = E9BF9CF318053E5B0055FBA3 /* 730-envelope@2x.png */; };
		E9BF9CF818053E6F0055FBA3 /* 709-plus.png in Resources */ = {isa = PBXBuildFile; fileRef = E9BF9CF618053E6F0055FBA3 /* 709-plus.png */; };
		E9BF9CF918053E6F0055FBA3 /* 709-plus@2x.png in Resources */ = {isa = PBXBuildFile; fileRef = E9BF9CF718053E6F0055FBA3 /* 709-plus@2x.png */; };
		E9BF9CFC180543520055FBA3 /* CostListViewController.m in Sources */ = {isa = PBXBuildFile; fileRef = E9BF9CFB180543520055FBA3 /* CostListViewController.m */; };
		E9BF9CFF1805475F0055FBA3 /* ListViewCell.m in Sources */ = {isa = PBXBuildFile; fileRef = E9BF9CFE1805475F0055FBA3 /* ListViewCell.m */; };
		E9BF9D0218055A8E0055FBA3 /* ModelManager.m in Sources */ = {isa = PBXBuildFile; fileRef = E9BF9D0118055A8E0055FBA3 /* ModelManager.m */; };
		E9BF9D051805B7280055FBA3 /* TableUtil.m in Sources */ = {isa = PBXBuildFile; fileRef = E9BF9D041805B7280055FBA3 /* TableUtil.m */; };
		E9D54F66180BED4300167C19 /* InputViewSwitchCell.m in Sources */ = {isa = PBXBuildFile; fileRef = E9D54F65180BED4300167C19 /* InputViewSwitchCell.m */; };
		E9D54F6B180C273200167C19 /* InputSettingListViewController.m in Sources */ = {isa = PBXBuildFile; fileRef = E9D54F6A180C273200167C19 /* InputSettingListViewController.m */; };
		E9EEA6291800F95700FFAF63 /* StringUtil.m in Sources */ = {isa = PBXBuildFile; fileRef = E9EEA6281800F95700FFAF63 /* StringUtil.m */; };
/* End PBXBuildFile section */

/* Begin PBXContainerItemProxy section */
		E9578F2117FDB2F60035B289 /* PBXContainerItemProxy */ = {
			isa = PBXContainerItemProxy;
			containerPortal = E9578EF317FDB2F50035B289 /* Project object */;
			proxyType = 1;
			remoteGlobalIDString = E9578EFA17FDB2F50035B289;
			remoteInfo = TravelCost;
		};
/* End PBXContainerItemProxy section */

/* Begin PBXFileReference section */
		E949E688181018FC0050FAD9 /* BaseViewController.h */ = {isa = PBXFileReference; fileEncoding = 4; lastKnownFileType = sourcecode.c.h; path = BaseViewController.h; sourceTree = "<group>"; };
		E949E689181018FC0050FAD9 /* BaseViewController.m */ = {isa = PBXFileReference; fileEncoding = 4; lastKnownFileType = sourcecode.c.objc; path = BaseViewController.m; sourceTree = "<group>"; };
		E949E68F18101A4F0050FAD9 /* InputSettingEditViewController.h */ = {isa = PBXFileReference; fileEncoding = 4; lastKnownFileType = sourcecode.c.h; path = InputSettingEditViewController.h; sourceTree = "<group>"; };
		E949E69018101A4F0050FAD9 /* InputSettingEditViewController.m */ = {isa = PBXFileReference; fileEncoding = 4; lastKnownFileType = sourcecode.c.objc; path = InputSettingEditViewController.m; sourceTree = "<group>"; };
		E949E6961810337F0050FAD9 /* PickerDataSource.h */ = {isa = PBXFileReference; fileEncoding = 4; lastKnownFileType = sourcecode.c.h; path = PickerDataSource.h; sourceTree = "<group>"; };
		E949E6971810337F0050FAD9 /* PickerDataSource.m */ = {isa = PBXFileReference; fileEncoding = 4; lastKnownFileType = sourcecode.c.objc; path = PickerDataSource.m; sourceTree = "<group>"; };
		E949E69918103DFE0050FAD9 /* OutputSettingListViewController.h */ = {isa = PBXFileReference; fileEncoding = 4; lastKnownFileType = sourcecode.c.h; path = OutputSettingListViewController.h; sourceTree = "<group>"; };
		E949E69A18103DFE0050FAD9 /* OutputSettingListViewController.m */ = {isa = PBXFileReference; fileEncoding = 4; lastKnownFileType = sourcecode.c.objc; path = OutputSettingListViewController.m; sourceTree = "<group>"; };
		E949E69C1810C79A0050FAD9 /* OutputSettingListViewCell.h */ = {isa = PBXFileReference; fileEncoding = 4; lastKnownFileType = sourcecode.c.h; path = OutputSettingListViewCell.h; sourceTree = "<group>"; };
		E949E69D1810C79A0050FAD9 /* OutputSettingListViewCell.m */ = {isa = PBXFileReference; fileEncoding = 4; lastKnownFileType = sourcecode.c.objc; path = OutputSettingListViewCell.m; sourceTree = "<group>"; };
		E949E69F181132C80050FAD9 /* OutputSettingEditViewController.h */ = {isa = PBXFileReference; fileEncoding = 4; lastKnownFileType = sourcecode.c.h; path = OutputSettingEditViewController.h; sourceTree = "<group>"; };
		E949E6A0181132C80050FAD9 /* OutputSettingEditViewController.m */ = {isa = PBXFileReference; fileEncoding = 4; lastKnownFileType = sourcecode.c.objc; path = OutputSettingEditViewController.m; sourceTree = "<group>"; };
		E949E6A2181133E90050FAD9 /* 739-question.png */ = {isa = PBXFileReference; lastKnownFileType = image.png; path = "739-question.png"; sourceTree = "<group>"; };
		E949E6A3181133E90050FAD9 /* 739-question@2x.png */ = {isa = PBXFileReference; lastKnownFileType = image.png; path = "739-question@2x.png"; sourceTree = "<group>"; };
		E9578EFB17FDB2F50035B289 /* TravelCost.app */ = {isa = PBXFileReference; explicitFileType = wrapper.application; includeInIndex = 0; path = TravelCost.app; sourceTree = BUILT_PRODUCTS_DIR; };
		E9578EFE17FDB2F50035B289 /* Foundation.framework */ = {isa = PBXFileReference; lastKnownFileType = wrapper.framework; name = Foundation.framework; path = System/Library/Frameworks/Foundation.framework; sourceTree = SDKROOT; };
		E9578F0017FDB2F50035B289 /* CoreGraphics.framework */ = {isa = PBXFileReference; lastKnownFileType = wrapper.framework; name = CoreGraphics.framework; path = System/Library/Frameworks/CoreGraphics.framework; sourceTree = SDKROOT; };
		E9578F0217FDB2F50035B289 /* UIKit.framework */ = {isa = PBXFileReference; lastKnownFileType = wrapper.framework; name = UIKit.framework; path = System/Library/Frameworks/UIKit.framework; sourceTree = SDKROOT; };
		E9578F0617FDB2F60035B289 /* TravelCost-Info.plist */ = {isa = PBXFileReference; lastKnownFileType = text.plist.xml; path = "TravelCost-Info.plist"; sourceTree = "<group>"; };
		E9578F0817FDB2F60035B289 /* en */ = {isa = PBXFileReference; lastKnownFileType = text.plist.strings; name = en; path = en.lproj/InfoPlist.strings; sourceTree = "<group>"; };
		E9578F0A17FDB2F60035B289 /* main.m */ = {isa = PBXFileReference; lastKnownFileType = sourcecode.c.objc; path = main.m; sourceTree = "<group>"; };
		E9578F0C17FDB2F60035B289 /* TravelCost-Prefix.pch */ = {isa = PBXFileReference; lastKnownFileType = sourcecode.c.h; path = "TravelCost-Prefix.pch"; sourceTree = "<group>"; };
		E9578F0D17FDB2F60035B289 /* AppDelegate.h */ = {isa = PBXFileReference; lastKnownFileType = sourcecode.c.h; path = AppDelegate.h; sourceTree = "<group>"; };
		E9578F0E17FDB2F60035B289 /* AppDelegate.m */ = {isa = PBXFileReference; lastKnownFileType = sourcecode.c.objc; path = AppDelegate.m; sourceTree = "<group>"; };
		E9578F1117FDB2F60035B289 /* Base */ = {isa = PBXFileReference; lastKnownFileType = file.storyboard; name = Base; path = Base.lproj/Main.storyboard; sourceTree = "<group>"; };
		E9578F1317FDB2F60035B289 /* CostInputViewController.h */ = {isa = PBXFileReference; lastKnownFileType = sourcecode.c.h; path = CostInputViewController.h; sourceTree = "<group>"; };
		E9578F1417FDB2F60035B289 /* CostInputViewController.m */ = {isa = PBXFileReference; lastKnownFileType = sourcecode.c.objc; path = CostInputViewController.m; sourceTree = "<group>"; };
		E9578F1617FDB2F60035B289 /* Images.xcassets */ = {isa = PBXFileReference; lastKnownFileType = folder.assetcatalog; path = Images.xcassets; sourceTree = "<group>"; };
		E9578F1C17FDB2F60035B289 /* TravelCostTests.xctest */ = {isa = PBXFileReference; explicitFileType = wrapper.cfbundle; includeInIndex = 0; path = TravelCostTests.xctest; sourceTree = BUILT_PRODUCTS_DIR; };
		E9578F1D17FDB2F60035B289 /* XCTest.framework */ = {isa = PBXFileReference; lastKnownFileType = wrapper.framework; name = XCTest.framework; path = Library/Frameworks/XCTest.framework; sourceTree = DEVELOPER_DIR; };
		E9578F2517FDB2F60035B289 /* TravelCostTests-Info.plist */ = {isa = PBXFileReference; lastKnownFileType = text.plist.xml; path = "TravelCostTests-Info.plist"; sourceTree = "<group>"; };
		E9578F2717FDB2F60035B289 /* en */ = {isa = PBXFileReference; lastKnownFileType = text.plist.strings; name = en; path = en.lproj/InfoPlist.strings; sourceTree = "<group>"; };
		E9578F2917FDB2F60035B289 /* TravelCostTests.m */ = {isa = PBXFileReference; lastKnownFileType = sourcecode.c.objc; path = TravelCostTests.m; sourceTree = "<group>"; };
		E986B7451802F3C300C1E5C1 /* PickerKeyboardView.xib */ = {isa = PBXFileReference; fileEncoding = 4; lastKnownFileType = file.xib; path = PickerKeyboardView.xib; sourceTree = "<group>"; };
		E986B7471802F41A00C1E5C1 /* PickerKeyboardViewController.h */ = {isa = PBXFileReference; fileEncoding = 4; lastKnownFileType = sourcecode.c.h; path = PickerKeyboardViewController.h; sourceTree = "<group>"; };
		E986B7481802F41A00C1E5C1 /* PickerKeyboardViewController.m */ = {isa = PBXFileReference; fileEncoding = 4; lastKnownFileType = sourcecode.c.objc; path = PickerKeyboardViewController.m; sourceTree = "<group>"; };
		E99101C518044AC300F3B048 /* ViewUtil.h */ = {isa = PBXFileReference; fileEncoding = 4; lastKnownFileType = sourcecode.c.h; path = ViewUtil.h; sourceTree = "<group>"; };
		E99101C618044AC300F3B048 /* ViewUtil.m */ = {isa = PBXFileReference; fileEncoding = 4; lastKnownFileType = sourcecode.c.objc; path = ViewUtil.m; sourceTree = "<group>"; };
		E99101CC18044F4C00F3B048 /* QuartzCore.framework */ = {isa = PBXFileReference; lastKnownFileType = wrapper.framework; name = QuartzCore.framework; path = System/Library/Frameworks/QuartzCore.framework; sourceTree = SDKROOT; };
		E99101CF18044FFF00F3B048 /* iToast.h */ = {isa = PBXFileReference; fileEncoding = 4; lastKnownFileType = sourcecode.c.h; name = iToast.h; path = "../../../../Downloads/toast-notifications-ios-master/iToast.h"; sourceTree = "<group>"; };
		E99101D018044FFF00F3B048 /* iToast.m */ = {isa = PBXFileReference; fileEncoding = 4; lastKnownFileType = sourcecode.c.objc; name = iToast.m; path = "../../../../Downloads/toast-notifications-ios-master/iToast.m"; sourceTree = "<group>"; };
		E99101D918046CD300F3B048 /* 740-gear.png */ = {isa = PBXFileReference; lastKnownFileType = image.png; path = "740-gear.png"; sourceTree = "<group>"; };
		E99101DA18046CD300F3B048 /* 740-gear@2x.png */ = {isa = PBXFileReference; lastKnownFileType = image.png; path = "740-gear@2x.png"; sourceTree = "<group>"; };
		E99101DD18046DEF00F3B048 /* 785-floppy-disk.png */ = {isa = PBXFileReference; lastKnownFileType = image.png; path = "785-floppy-disk.png"; sourceTree = "<group>"; };
		E99101DE18046DEF00F3B048 /* 785-floppy-disk@2x.png */ = {isa = PBXFileReference; lastKnownFileType = image.png; path = "785-floppy-disk@2x.png"; sourceTree = "<group>"; };
		E99101E118046DFF00F3B048 /* 854-list.png */ = {isa = PBXFileReference; lastKnownFileType = image.png; path = "854-list.png"; sourceTree = "<group>"; };
		E99101E218046DFF00F3B048 /* 854-list@2x.png */ = {isa = PBXFileReference; lastKnownFileType = image.png; path = "854-list@2x.png"; sourceTree = "<group>"; };
		E99101E518046E2D00F3B048 /* 729-top-list.png */ = {isa = PBXFileReference; lastKnownFileType = image.png; path = "729-top-list.png"; sourceTree = "<group>"; };
		E99101E618046E2D00F3B048 /* 729-top-list@2x.png */ = {isa = PBXFileReference; lastKnownFileType = image.png; path = "729-top-list@2x.png"; sourceTree = "<group>"; };
		E99101E91805110000F3B048 /* 711-trash.png */ = {isa = PBXFileReference; lastKnownFileType = image.png; path = "711-trash.png"; sourceTree = "<group>"; };
		E99101EA1805110000F3B048 /* 711-trash@2x.png */ = {isa = PBXFileReference; lastKnownFileType = image.png; path = "711-trash@2x.png"; sourceTree = "<group>"; };
		E992E69818029C1E00ED032A /* InputViewCell.h */ = {isa = PBXFileReference; fileEncoding = 4; lastKnownFileType = sourcecode.c.h; path = InputViewCell.h; sourceTree = "<group>"; };
		E992E69918029C1E00ED032A /* InputViewCell.m */ = {isa = PBXFileReference; fileEncoding = 4; lastKnownFileType = sourcecode.c.objc; path = InputViewCell.m; sourceTree = "<group>"; };
		E992E69B1802B09B00ED032A /* DateKeyboardView.xib */ = {isa = PBXFileReference; fileEncoding = 4; lastKnownFileType = file.xib; path = DateKeyboardView.xib; sourceTree = "<group>"; };
		E992E6A01802B45500ED032A /* DateKeyboardViewController.h */ = {isa = PBXFileReference; fileEncoding = 4; lastKnownFileType = sourcecode.c.h; path = DateKeyboardViewController.h; sourceTree = "<group>"; };
		E992E6A11802B45500ED032A /* DateKeyboardViewController.m */ = {isa = PBXFileReference; fileEncoding = 4; lastKnownFileType = sourcecode.c.objc; path = DateKeyboardViewController.m; sourceTree = "<group>"; };
		E9B13E0B17FE6AF40089B860 /* MJPopupBackgroundView.h */ = {isa = PBXFileReference; fileEncoding = 4; lastKnownFileType = sourcecode.c.h; path = MJPopupBackgroundView.h; sourceTree = "<group>"; };
		E9B13E0C17FE6AF40089B860 /* MJPopupBackgroundView.m */ = {isa = PBXFileReference; fileEncoding = 4; lastKnownFileType = sourcecode.c.objc; path = MJPopupBackgroundView.m; sourceTree = "<group>"; };
		E9B13E0D17FE6AF40089B860 /* UIViewController+MJPopupViewController.h */ = {isa = PBXFileReference; fileEncoding = 4; lastKnownFileType = sourcecode.c.h; path = "UIViewController+MJPopupViewController.h"; sourceTree = "<group>"; };
		E9B13E0E17FE6AF40089B860 /* UIViewController+MJPopupViewController.m */ = {isa = PBXFileReference; fileEncoding = 4; lastKnownFileType = sourcecode.c.objc; path = "UIViewController+MJPopupViewController.m"; sourceTree = "<group>"; };
		E9B13E1517FE77CA0089B860 /* ItemValueModel.h */ = {isa = PBXFileReference; fileEncoding = 4; lastKnownFileType = sourcecode.c.h; path = ItemValueModel.h; sourceTree = "<group>"; };
		E9B13E1617FE77CA0089B860 /* ItemValueModel.m */ = {isa = PBXFileReference; fileEncoding = 4; lastKnownFileType = sourcecode.c.objc; path = ItemValueModel.m; sourceTree = "<group>"; };
		E9B13E1817FE77CA0089B860 /* TravelCostModel.h */ = {isa = PBXFileReference; fileEncoding = 4; lastKnownFileType = sourcecode.c.h; path = TravelCostModel.h; sourceTree = "<group>"; };
		E9B13E1917FE77CA0089B860 /* TravelCostModel.m */ = {isa = PBXFileReference; fileEncoding = 4; lastKnownFileType = sourcecode.c.objc; path = TravelCostModel.m; sourceTree = "<group>"; };
		E9B13E1B17FE77CA0089B860 /* ItemSettingModel.h */ = {isa = PBXFileReference; fileEncoding = 4; lastKnownFileType = sourcecode.c.h; path = ItemSettingModel.h; sourceTree = "<group>"; };
		E9B13E1C17FE77CA0089B860 /* ItemSettingModel.m */ = {isa = PBXFileReference; fileEncoding = 4; lastKnownFileType = sourcecode.c.objc; path = ItemSettingModel.m; sourceTree = "<group>"; };
		E9B13E1E17FE77E60089B860 /* CoreData.framework */ = {isa = PBXFileReference; lastKnownFileType = wrapper.framework; name = CoreData.framework; path = System/Library/Frameworks/CoreData.framework; sourceTree = SDKROOT; };
		E9B13E2517FEA5940089B860 /* FMDatabase.h */ = {isa = PBXFileReference; fileEncoding = 4; lastKnownFileType = sourcecode.c.h; path = FMDatabase.h; sourceTree = "<group>"; };
		E9B13E2617FEA5940089B860 /* FMDatabase.m */ = {isa = PBXFileReference; fileEncoding = 4; lastKnownFileType = sourcecode.c.objc; path = FMDatabase.m; sourceTree = "<group>"; };
		E9B13E2717FEA5940089B860 /* FMDatabaseAdditions.h */ = {isa = PBXFileReference; fileEncoding = 4; lastKnownFileType = sourcecode.c.h; path = FMDatabaseAdditions.h; sourceTree = "<group>"; };
		E9B13E2817FEA5940089B860 /* FMDatabaseAdditions.m */ = {isa = PBXFileReference; fileEncoding = 4; lastKnownFileType = sourcecode.c.objc; path = FMDatabaseAdditions.m; sourceTree = "<group>"; };
		E9B13E2917FEA5940089B860 /* FMDatabasePool.h */ = {isa = PBXFileReference; fileEncoding = 4; lastKnownFileType = sourcecode.c.h; path = FMDatabasePool.h; sourceTree = "<group>"; };
		E9B13E2A17FEA5940089B860 /* FMDatabasePool.m */ = {isa = PBXFileReference; fileEncoding = 4; lastKnownFileType = sourcecode.c.objc; path = FMDatabasePool.m; sourceTree = "<group>"; };
		E9B13E2B17FEA5940089B860 /* FMDatabaseQueue.h */ = {isa = PBXFileReference; fileEncoding = 4; lastKnownFileType = sourcecode.c.h; path = FMDatabaseQueue.h; sourceTree = "<group>"; };
		E9B13E2C17FEA5940089B860 /* FMDatabaseQueue.m */ = {isa = PBXFileReference; fileEncoding = 4; lastKnownFileType = sourcecode.c.objc; path = FMDatabaseQueue.m; sourceTree = "<group>"; };
		E9B13E2E17FEA5940089B860 /* FMResultSet.h */ = {isa = PBXFileReference; fileEncoding = 4; lastKnownFileType = sourcecode.c.h; path = FMResultSet.h; sourceTree = "<group>"; };
		E9B13E2F17FEA5940089B860 /* FMResultSet.m */ = {isa = PBXFileReference; fileEncoding = 4; lastKnownFileType = sourcecode.c.objc; path = FMResultSet.m; sourceTree = "<group>"; };
		E9B13E3617FEA5C40089B860 /* libsqlite3.dylib */ = {isa = PBXFileReference; lastKnownFileType = "compiled.mach-o.dylib"; name = libsqlite3.dylib; path = usr/lib/libsqlite3.dylib; sourceTree = SDKROOT; };
		E9B13E3817FEAA170089B860 /* DatabaseManager.h */ = {isa = PBXFileReference; fileEncoding = 4; lastKnownFileType = sourcecode.c.h; path = DatabaseManager.h; sourceTree = "<group>"; };
		E9B13E3917FEAA170089B860 /* DatabaseManager.m */ = {isa = PBXFileReference; fileEncoding = 4; lastKnownFileType = sourcecode.c.objc; path = DatabaseManager.m; sourceTree = "<group>"; };
		E9B13E3C17FEAE050089B860 /* TravelCostDao.h */ = {isa = PBXFileReference; fileEncoding = 4; lastKnownFileType = sourcecode.c.h; path = TravelCostDao.h; sourceTree = "<group>"; };
		E9B13E3D17FEAE050089B860 /* TravelCostDao.m */ = {isa = PBXFileReference; fileEncoding = 4; lastKnownFileType = sourcecode.c.objc; path = TravelCostDao.m; sourceTree = "<group>"; };
		E9B13E3F17FEB8C80089B860 /* Dao.h */ = {isa = PBXFileReference; fileEncoding = 4; lastKnownFileType = sourcecode.c.h; path = Dao.h; sourceTree = "<group>"; };
		E9B13E4017FEB8C80089B860 /* Dao.m */ = {isa = PBXFileReference; fileEncoding = 4; lastKnownFileType = sourcecode.c.objc; path = Dao.m; sourceTree = "<group>"; };
		E9B13E4817FEBA000089B860 /* Model.h */ = {isa = PBXFileReference; fileEncoding = 4; lastKnownFileType = sourcecode.c.h; path = Model.h; sourceTree = "<group>"; };
		E9B13E4917FEBA000089B860 /* Model.m */ = {isa = PBXFileReference; fileEncoding = 4; lastKnownFileType = sourcecode.c.objc; path = Model.m; sourceTree = "<group>"; };
		E9B13E5918004CC00089B860 /* DateTimeUtil.h */ = {isa = PBXFileReference; fileEncoding = 4; lastKnownFileType = sourcecode.c.h; path = DateTimeUtil.h; sourceTree = "<group>"; };
		E9B13E5A18004CC00089B860 /* DateTimeUtil.m */ = {isa = PBXFileReference; fileEncoding = 4; lastKnownFileType = sourcecode.c.objc; path = DateTimeUtil.m; sourceTree = "<group>"; };
		E9B13E5C18005B780089B860 /* ItemSettingDao.h */ = {isa = PBXFileReference; fileEncoding = 4; lastKnownFileType = sourcecode.c.h; path = ItemSettingDao.h; sourceTree = "<group>"; };
		E9B13E5D18005B780089B860 /* ItemSettingDao.m */ = {isa = PBXFileReference; fileEncoding = 4; lastKnownFileType = sourcecode.c.objc; path = ItemSettingDao.m; sourceTree = "<group>"; };
		E9B13E5F18005BD60089B860 /* ItemValueDao.h */ = {isa = PBXFileReference; fileEncoding = 4; lastKnownFileType = sourcecode.c.h; path = ItemValueDao.h; sourceTree = "<group>"; };
		E9B13E6018005BD60089B860 /* ItemValueDao.m */ = {isa = PBXFileReference; fileEncoding = 4; lastKnownFileType = sourcecode.c.objc; path = ItemValueDao.m; sourceTree = "<group>"; };
		E9BF9CEA18053CDE0055FBA3 /* 765-arrow-left.png */ = {isa = PBXFileReference; lastKnownFileType = image.png; path = "765-arrow-left.png"; sourceTree = "<group>"; };
		E9BF9CEB18053CDE0055FBA3 /* 765-arrow-left@2x.png */ = {isa = PBXFileReference; lastKnownFileType = image.png; path = "765-arrow-left@2x.png"; sourceTree = "<group>"; };
		E9BF9CEC18053CDE0055FBA3 /* 766-arrow-right.png */ = {isa = PBXFileReference; lastKnownFileType = image.png; path = "766-arrow-right.png"; sourceTree = "<group>"; };
		E9BF9CED18053CDE0055FBA3 /* 766-arrow-right@2x.png */ = {isa = PBXFileReference; lastKnownFileType = image.png; path = "766-arrow-right@2x.png"; sourceTree = "<group>"; };
		E9BF9CF218053E5B0055FBA3 /* 730-envelope.png */ = {isa = PBXFileReference; lastKnownFileType = image.png; path = "730-envelope.png"; sourceTree = "<group>"; };
		E9BF9CF318053E5B0055FBA3 /* 730-envelope@2x.png */ = {isa = PBXFileReference; lastKnownFileType = image.png; path = "730-envelope@2x.png"; sourceTree = "<group>"; };
		E9BF9CF618053E6F0055FBA3 /* 709-plus.png */ = {isa = PBXFileReference; lastKnownFileType = image.png; path = "709-plus.png"; sourceTree = "<group>"; };
		E9BF9CF718053E6F0055FBA3 /* 709-plus@2x.png */ = {isa = PBXFileReference; lastKnownFileType = image.png; path = "709-plus@2x.png"; sourceTree = "<group>"; };
		E9BF9CFA180543520055FBA3 /* CostListViewController.h */ = {isa = PBXFileReference; fileEncoding = 4; lastKnownFileType = sourcecode.c.h; path = CostListViewController.h; sourceTree = "<group>"; };
		E9BF9CFB180543520055FBA3 /* CostListViewController.m */ = {isa = PBXFileReference; fileEncoding = 4; lastKnownFileType = sourcecode.c.objc; path = CostListViewController.m; sourceTree = "<group>"; };
		E9BF9CFD1805475F0055FBA3 /* ListViewCell.h */ = {isa = PBXFileReference; fileEncoding = 4; lastKnownFileType = sourcecode.c.h; path = ListViewCell.h; sourceTree = "<group>"; };
		E9BF9CFE1805475F0055FBA3 /* ListViewCell.m */ = {isa = PBXFileReference; fileEncoding = 4; lastKnownFileType = sourcecode.c.objc; path = ListViewCell.m; sourceTree = "<group>"; };
		E9BF9D0018055A8E0055FBA3 /* ModelManager.h */ = {isa = PBXFileReference; fileEncoding = 4; lastKnownFileType = sourcecode.c.h; path = ModelManager.h; sourceTree = "<group>"; };
		E9BF9D0118055A8E0055FBA3 /* ModelManager.m */ = {isa = PBXFileReference; fileEncoding = 4; lastKnownFileType = sourcecode.c.objc; path = ModelManager.m; sourceTree = "<group>"; };
		E9BF9D031805B7280055FBA3 /* TableUtil.h */ = {isa = PBXFileReference; fileEncoding = 4; lastKnownFileType = sourcecode.c.h; path = TableUtil.h; sourceTree = "<group>"; };
		E9BF9D041805B7280055FBA3 /* TableUtil.m */ = {isa = PBXFileReference; fileEncoding = 4; lastKnownFileType = sourcecode.c.objc; path = TableUtil.m; sourceTree = "<group>"; };
		E9D54F64180BED4300167C19 /* InputViewSwitchCell.h */ = {isa = PBXFileReference; fileEncoding = 4; lastKnownFileType = sourcecode.c.h; path = InputViewSwitchCell.h; sourceTree = "<group>"; };
		E9D54F65180BED4300167C19 /* InputViewSwitchCell.m */ = {isa = PBXFileReference; fileEncoding = 4; lastKnownFileType = sourcecode.c.objc; path = InputViewSwitchCell.m; sourceTree = "<group>"; };
		E9D54F69180C273200167C19 /* InputSettingListViewController.h */ = {isa = PBXFileReference; fileEncoding = 4; lastKnownFileType = sourcecode.c.h; path = InputSettingListViewController.h; sourceTree = "<group>"; };
		E9D54F6A180C273200167C19 /* InputSettingListViewController.m */ = {isa = PBXFileReference; fileEncoding = 4; lastKnownFileType = sourcecode.c.objc; path = InputSettingListViewController.m; sourceTree = "<group>"; };
		E9EEA6271800F95700FFAF63 /* StringUtil.h */ = {isa = PBXFileReference; fileEncoding = 4; lastKnownFileType = sourcecode.c.h; path = StringUtil.h; sourceTree = "<group>"; };
		E9EEA6281800F95700FFAF63 /* StringUtil.m */ = {isa = PBXFileReference; fileEncoding = 4; lastKnownFileType = sourcecode.c.objc; path = StringUtil.m; sourceTree = "<group>"; };
/* End PBXFileReference section */

/* Begin PBXFrameworksBuildPhase section */
		E9578EF817FDB2F50035B289 /* Frameworks */ = {
			isa = PBXFrameworksBuildPhase;
			buildActionMask = 2147483647;
			files = (
				E99101CD18044F4C00F3B048 /* QuartzCore.framework in Frameworks */,
				E9B13E3717FEA5C40089B860 /* libsqlite3.dylib in Frameworks */,
				E9578F0117FDB2F50035B289 /* CoreGraphics.framework in Frameworks */,
				E9578F0317FDB2F50035B289 /* UIKit.framework in Frameworks */,
				E9578EFF17FDB2F50035B289 /* Foundation.framework in Frameworks */,
			);
			runOnlyForDeploymentPostprocessing = 0;
		};
		E9578F1917FDB2F60035B289 /* Frameworks */ = {
			isa = PBXFrameworksBuildPhase;
			buildActionMask = 2147483647;
			files = (
				E9578F1E17FDB2F60035B289 /* XCTest.framework in Frameworks */,
				E9578F2017FDB2F60035B289 /* UIKit.framework in Frameworks */,
				E9578F1F17FDB2F60035B289 /* Foundation.framework in Frameworks */,
			);
			runOnlyForDeploymentPostprocessing = 0;
		};
/* End PBXFrameworksBuildPhase section */

/* Begin PBXGroup section */
		E949E68B181019020050FAD9 /* controller */ = {
			isa = PBXGroup;
			children = (
				E949E688181018FC0050FAD9 /* BaseViewController.h */,
				E949E689181018FC0050FAD9 /* BaseViewController.m */,
			);
			name = controller;
			sourceTree = "<group>";
		};
		E9578EF217FDB2F50035B289 = {
			isa = PBXGroup;
			children = (
				E9578F0417FDB2F60035B289 /* TravelCost */,
				E9578F2317FDB2F60035B289 /* TravelCostTests */,
				E9578EFD17FDB2F50035B289 /* Frameworks */,
				E9578EFC17FDB2F50035B289 /* Products */,
			);
			sourceTree = "<group>";
		};
		E9578EFC17FDB2F50035B289 /* Products */ = {
			isa = PBXGroup;
			children = (
				E9578EFB17FDB2F50035B289 /* TravelCost.app */,
				E9578F1C17FDB2F60035B289 /* TravelCostTests.xctest */,
			);
			name = Products;
			sourceTree = "<group>";
		};
		E9578EFD17FDB2F50035B289 /* Frameworks */ = {
			isa = PBXGroup;
			children = (
				E99101CC18044F4C00F3B048 /* QuartzCore.framework */,
				E9B13E3617FEA5C40089B860 /* libsqlite3.dylib */,
				E9B13E1E17FE77E60089B860 /* CoreData.framework */,
				E9578EFE17FDB2F50035B289 /* Foundation.framework */,
				E9578F0017FDB2F50035B289 /* CoreGraphics.framework */,
				E9578F0217FDB2F50035B289 /* UIKit.framework */,
				E9578F1D17FDB2F60035B289 /* XCTest.framework */,
			);
			name = Frameworks;
			sourceTree = "<group>";
		};
		E9578F0417FDB2F60035B289 /* TravelCost */ = {
			isa = PBXGroup;
			children = (
				E99101D2180465C200F3B048 /* image */,
				E9578F0D17FDB2F60035B289 /* AppDelegate.h */,
				E9578F0E17FDB2F60035B289 /* AppDelegate.m */,
				E9578F1017FDB2F60035B289 /* Main.storyboard */,
				E9D54F68180C262600167C19 /* cell */,
				E989480817FDC82100E07F9E /* controller */,
				E9B13E1117FE6C430089B860 /* model */,
				E9B13E3B17FEADEB0089B860 /* dao */,
				E989480917FDC84200E07F9E /* view */,
				E9578F1617FDB2F60035B289 /* Images.xcassets */,
				E9578F0517FDB2F60035B289 /* Supporting Files */,
				E9B13E4217FEB8D40089B860 /* amd */,
				E9B13E0917FE6ADE0089B860 /* lib */,
			);
			path = TravelCost;
			sourceTree = "<group>";
		};
		E9578F0517FDB2F60035B289 /* Supporting Files */ = {
			isa = PBXGroup;
			children = (
				E9578F0617FDB2F60035B289 /* TravelCost-Info.plist */,
				E9578F0717FDB2F60035B289 /* InfoPlist.strings */,
				E9578F0A17FDB2F60035B289 /* main.m */,
				E9578F0C17FDB2F60035B289 /* TravelCost-Prefix.pch */,
			);
			name = "Supporting Files";
			sourceTree = "<group>";
		};
		E9578F2317FDB2F60035B289 /* TravelCostTests */ = {
			isa = PBXGroup;
			children = (
				E9578F2917FDB2F60035B289 /* TravelCostTests.m */,
				E9578F2417FDB2F60035B289 /* Supporting Files */,
			);
			path = TravelCostTests;
			sourceTree = "<group>";
		};
		E9578F2417FDB2F60035B289 /* Supporting Files */ = {
			isa = PBXGroup;
			children = (
				E9578F2517FDB2F60035B289 /* TravelCostTests-Info.plist */,
				E9578F2617FDB2F60035B289 /* InfoPlist.strings */,
			);
			name = "Supporting Files";
			sourceTree = "<group>";
		};
		E989480817FDC82100E07F9E /* controller */ = {
			isa = PBXGroup;
			children = (
				E9578F1317FDB2F60035B289 /* CostInputViewController.h */,
				E9578F1417FDB2F60035B289 /* CostInputViewController.m */,
				E9BF9CFA180543520055FBA3 /* CostListViewController.h */,
				E9BF9CFB180543520055FBA3 /* CostListViewController.m */,
				E9D54F69180C273200167C19 /* InputSettingListViewController.h */,
				E9D54F6A180C273200167C19 /* InputSettingListViewController.m */,
				E949E68F18101A4F0050FAD9 /* InputSettingEditViewController.h */,
				E949E69018101A4F0050FAD9 /* InputSettingEditViewController.m */,
				E949E6961810337F0050FAD9 /* PickerDataSource.h */,
				E949E6971810337F0050FAD9 /* PickerDataSource.m */,
				E949E69918103DFE0050FAD9 /* OutputSettingListViewController.h */,
				E949E69A18103DFE0050FAD9 /* OutputSettingListViewController.m */,
				E949E69F181132C80050FAD9 /* OutputSettingEditViewController.h */,
				E949E6A0181132C80050FAD9 /* OutputSettingEditViewController.m */,
			);
			name = controller;
			sourceTree = "<group>";
		};
		E989480917FDC84200E07F9E /* view */ = {
			isa = PBXGroup;
			children = (
				E992E69B1802B09B00ED032A /* DateKeyboardView.xib */,
				E992E6A01802B45500ED032A /* DateKeyboardViewController.h */,
				E992E6A11802B45500ED032A /* DateKeyboardViewController.m */,
				E986B7451802F3C300C1E5C1 /* PickerKeyboardView.xib */,
				E986B7471802F41A00C1E5C1 /* PickerKeyboardViewController.h */,
				E986B7481802F41A00C1E5C1 /* PickerKeyboardViewController.m */,
			);
			name = view;
			sourceTree = "<group>";
		};
		E99101CE18044FEC00F3B048 /* toast */ = {
			isa = PBXGroup;
			children = (
				E99101CF18044FFF00F3B048 /* iToast.h */,
				E99101D018044FFF00F3B048 /* iToast.m */,
			);
			name = toast;
			sourceTree = "<group>";
		};
		E99101D2180465C200F3B048 /* image */ = {
			isa = PBXGroup;
			children = (
				E949E6A2181133E90050FAD9 /* 739-question.png */,
				E949E6A3181133E90050FAD9 /* 739-question@2x.png */,
				E9BF9CF618053E6F0055FBA3 /* 709-plus.png */,
				E9BF9CF718053E6F0055FBA3 /* 709-plus@2x.png */,
				E9BF9CF218053E5B0055FBA3 /* 730-envelope.png */,
				E9BF9CF318053E5B0055FBA3 /* 730-envelope@2x.png */,
				E9BF9CEA18053CDE0055FBA3 /* 765-arrow-left.png */,
				E9BF9CEB18053CDE0055FBA3 /* 765-arrow-left@2x.png */,
				E9BF9CEC18053CDE0055FBA3 /* 766-arrow-right.png */,
				E9BF9CED18053CDE0055FBA3 /* 766-arrow-right@2x.png */,
				E99101E618046E2D00F3B048 /* 729-top-list@2x.png */,
				E99101E91805110000F3B048 /* 711-trash.png */,
				E99101EA1805110000F3B048 /* 711-trash@2x.png */,
				E99101E518046E2D00F3B048 /* 729-top-list.png */,
				E99101E118046DFF00F3B048 /* 854-list.png */,
				E99101E218046DFF00F3B048 /* 854-list@2x.png */,
				E99101DD18046DEF00F3B048 /* 785-floppy-disk.png */,
				E99101DE18046DEF00F3B048 /* 785-floppy-disk@2x.png */,
				E99101D918046CD300F3B048 /* 740-gear.png */,
				E99101DA18046CD300F3B048 /* 740-gear@2x.png */,
			);
			name = image;
			sourceTree = "<group>";
		};
		E9B13E0917FE6ADE0089B860 /* lib */ = {
			isa = PBXGroup;
			children = (
				E99101CE18044FEC00F3B048 /* toast */,
				E9B13E2417FEA5940089B860 /* fmdb */,
				E9B13E0A17FE6AE60089B860 /* mjpopup */,
			);
			name = lib;
			sourceTree = "<group>";
		};
		E9B13E0A17FE6AE60089B860 /* mjpopup */ = {
			isa = PBXGroup;
			children = (
				E9B13E0B17FE6AF40089B860 /* MJPopupBackgroundView.h */,
				E9B13E0C17FE6AF40089B860 /* MJPopupBackgroundView.m */,
				E9B13E0D17FE6AF40089B860 /* UIViewController+MJPopupViewController.h */,
				E9B13E0E17FE6AF40089B860 /* UIViewController+MJPopupViewController.m */,
			);
			name = mjpopup;
			sourceTree = "<group>";
		};
		E9B13E1117FE6C430089B860 /* model */ = {
			isa = PBXGroup;
			children = (
				E9B13E1B17FE77CA0089B860 /* ItemSettingModel.h */,
				E9B13E1C17FE77CA0089B860 /* ItemSettingModel.m */,
				E9B13E1817FE77CA0089B860 /* TravelCostModel.h */,
				E9B13E1917FE77CA0089B860 /* TravelCostModel.m */,
				E9B13E1517FE77CA0089B860 /* ItemValueModel.h */,
				E9B13E1617FE77CA0089B860 /* ItemValueModel.m */,
			);
			name = model;
			sourceTree = "<group>";
		};
		E9B13E2417FEA5940089B860 /* fmdb */ = {
			isa = PBXGroup;
			children = (
				E9B13E2517FEA5940089B860 /* FMDatabase.h */,
				E9B13E2617FEA5940089B860 /* FMDatabase.m */,
				E9B13E2717FEA5940089B860 /* FMDatabaseAdditions.h */,
				E9B13E2817FEA5940089B860 /* FMDatabaseAdditions.m */,
				E9B13E2917FEA5940089B860 /* FMDatabasePool.h */,
				E9B13E2A17FEA5940089B860 /* FMDatabasePool.m */,
				E9B13E2B17FEA5940089B860 /* FMDatabaseQueue.h */,
				E9B13E2C17FEA5940089B860 /* FMDatabaseQueue.m */,
				E9B13E2E17FEA5940089B860 /* FMResultSet.h */,
				E9B13E2F17FEA5940089B860 /* FMResultSet.m */,
			);
			name = fmdb;
			path = ../../../../Desktop/src;
			sourceTree = "<group>";
		};
		E9B13E3B17FEADEB0089B860 /* dao */ = {
			isa = PBXGroup;
			children = (
				E9B13E3C17FEAE050089B860 /* TravelCostDao.h */,
				E9B13E3D17FEAE050089B860 /* TravelCostDao.m */,
				E9B13E5C18005B780089B860 /* ItemSettingDao.h */,
				E9B13E5D18005B780089B860 /* ItemSettingDao.m */,
				E9B13E5F18005BD60089B860 /* ItemValueDao.h */,
				E9B13E6018005BD60089B860 /* ItemValueDao.m */,
			);
			name = dao;
			sourceTree = "<group>";
		};
		E9B13E4217FEB8D40089B860 /* amd */ = {
			isa = PBXGroup;
			children = (
				E949E68B181019020050FAD9 /* controller */,
				E9B1EA7E1806B88800DD6CFC /* common */,
				E9EEA6261800F93600FFAF63 /* util */,
				E9B13E4717FEB9F50089B860 /* model */,
				E9B13E4317FEB8E90089B860 /* dao */,
			);
			name = amd;
			sourceTree = "<group>";
		};
		E9B13E4317FEB8E90089B860 /* dao */ = {
			isa = PBXGroup;
			children = (
				E9B13E3F17FEB8C80089B860 /* Dao.h */,
				E9B13E4017FEB8C80089B860 /* Dao.m */,
			);
			name = dao;
			sourceTree = "<group>";
		};
		E9B13E4717FEB9F50089B860 /* model */ = {
			isa = PBXGroup;
			children = (
				E9B13E4817FEBA000089B860 /* Model.h */,
				E9B13E4917FEBA000089B860 /* Model.m */,
			);
			name = model;
			sourceTree = "<group>";
		};
		E9B1EA7E1806B88800DD6CFC /* common */ = {
			isa = PBXGroup;
			children = (
				E9BF9D0018055A8E0055FBA3 /* ModelManager.h */,
				E9BF9D0118055A8E0055FBA3 /* ModelManager.m */,
				E9B13E3817FEAA170089B860 /* DatabaseManager.h */,
				E9B13E3917FEAA170089B860 /* DatabaseManager.m */,
			);
			name = common;
			sourceTree = "<group>";
		};
		E9D54F68180C262600167C19 /* cell */ = {
			isa = PBXGroup;
			children = (
				E992E69818029C1E00ED032A /* InputViewCell.h */,
				E992E69918029C1E00ED032A /* InputViewCell.m */,
				E9D54F64180BED4300167C19 /* InputViewSwitchCell.h */,
				E9D54F65180BED4300167C19 /* InputViewSwitchCell.m */,
				E9BF9CFD1805475F0055FBA3 /* ListViewCell.h */,
				E9BF9CFE1805475F0055FBA3 /* ListViewCell.m */,
				E949E69C1810C79A0050FAD9 /* OutputSettingListViewCell.h */,
				E949E69D1810C79A0050FAD9 /* OutputSettingListViewCell.m */,
			);
			name = cell;
			sourceTree = "<group>";
		};
		E9EEA6261800F93600FFAF63 /* util */ = {
			isa = PBXGroup;
			children = (
				E9B13E5918004CC00089B860 /* DateTimeUtil.h */,
				E9B13E5A18004CC00089B860 /* DateTimeUtil.m */,
				E9EEA6271800F95700FFAF63 /* StringUtil.h */,
				E9EEA6281800F95700FFAF63 /* StringUtil.m */,
				E99101C518044AC300F3B048 /* ViewUtil.h */,
				E99101C618044AC300F3B048 /* ViewUtil.m */,
				E9BF9D031805B7280055FBA3 /* TableUtil.h */,
				E9BF9D041805B7280055FBA3 /* TableUtil.m */,
			);
			name = util;
			sourceTree = "<group>";
		};
/* End PBXGroup section */

/* Begin PBXNativeTarget section */
		E9578EFA17FDB2F50035B289 /* TravelCost */ = {
			isa = PBXNativeTarget;
			buildConfigurationList = E9578F2D17FDB2F60035B289 /* Build configuration list for PBXNativeTarget "TravelCost" */;
			buildPhases = (
				E9578EF717FDB2F50035B289 /* Sources */,
				E9578EF817FDB2F50035B289 /* Frameworks */,
				E9578EF917FDB2F50035B289 /* Resources */,
			);
			buildRules = (
			);
			dependencies = (
			);
			name = TravelCost;
			productName = TravelCost;
			productReference = E9578EFB17FDB2F50035B289 /* TravelCost.app */;
			productType = "com.apple.product-type.application";
		};
		E9578F1B17FDB2F60035B289 /* TravelCostTests */ = {
			isa = PBXNativeTarget;
			buildConfigurationList = E9578F3017FDB2F60035B289 /* Build configuration list for PBXNativeTarget "TravelCostTests" */;
			buildPhases = (
				E9578F1817FDB2F60035B289 /* Sources */,
				E9578F1917FDB2F60035B289 /* Frameworks */,
				E9578F1A17FDB2F60035B289 /* Resources */,
			);
			buildRules = (
			);
			dependencies = (
				E9578F2217FDB2F60035B289 /* PBXTargetDependency */,
			);
			name = TravelCostTests;
			productName = TravelCostTests;
			productReference = E9578F1C17FDB2F60035B289 /* TravelCostTests.xctest */;
			productType = "com.apple.product-type.bundle.unit-test";
		};
/* End PBXNativeTarget section */

/* Begin PBXProject section */
		E9578EF317FDB2F50035B289 /* Project object */ = {
			isa = PBXProject;
			attributes = {
				LastUpgradeCheck = 0500;
				ORGANIZATIONNAME = "akira yokoi";
				TargetAttributes = {
					E9578F1B17FDB2F60035B289 = {
						TestTargetID = E9578EFA17FDB2F50035B289;
					};
				};
			};
			buildConfigurationList = E9578EF617FDB2F50035B289 /* Build configuration list for PBXProject "TravelCost" */;
			compatibilityVersion = "Xcode 3.2";
			developmentRegion = English;
			hasScannedForEncodings = 0;
			knownRegions = (
				en,
				Base,
			);
			mainGroup = E9578EF217FDB2F50035B289;
			productRefGroup = E9578EFC17FDB2F50035B289 /* Products */;
			projectDirPath = "";
			projectRoot = "";
			targets = (
				E9578EFA17FDB2F50035B289 /* TravelCost */,
				E9578F1B17FDB2F60035B289 /* TravelCostTests */,
			);
		};
/* End PBXProject section */

/* Begin PBXResourcesBuildPhase section */
		E9578EF917FDB2F50035B289 /* Resources */ = {
			isa = PBXResourcesBuildPhase;
			buildActionMask = 2147483647;
			files = (
				E99101DB18046CD300F3B048 /* 740-gear.png in Resources */,
				E99101DF18046DEF00F3B048 /* 785-floppy-disk.png in Resources */,
				E9BF9CEF18053CDE0055FBA3 /* 765-arrow-left@2x.png in Resources */,
				E9578F1717FDB2F60035B289 /* Images.xcassets in Resources */,
				E9BF9CF018053CDE0055FBA3 /* 766-arrow-right.png in Resources */,
				E99101E318046DFF00F3B048 /* 854-list.png in Resources */,
				E99101E018046DEF00F3B048 /* 785-floppy-disk@2x.png in Resources */,
				E99101DC18046CD300F3B048 /* 740-gear@2x.png in Resources */,
				E99101E718046E2D00F3B048 /* 729-top-list.png in Resources */,
				E9BF9CF518053E5B0055FBA3 /* 730-envelope@2x.png in Resources */,
				E9BF9CEE18053CDE0055FBA3 /* 765-arrow-left.png in Resources */,
				E949E6A4181133E90050FAD9 /* 739-question.png in Resources */,
				E99101E418046DFF00F3B048 /* 854-list@2x.png in Resources */,
				E99101EB1805110000F3B048 /* 711-trash.png in Resources */,
				E9BF9CF918053E6F0055FBA3 /* 709-plus@2x.png in Resources */,
				E986B7461802F3C300C1E5C1 /* PickerKeyboardView.xib in Resources */,
				E9BF9CF118053CDE0055FBA3 /* 766-arrow-right@2x.png in Resources */,
				E99101E818046E2D00F3B048 /* 729-top-list@2x.png in Resources */,
				E9BF9CF818053E6F0055FBA3 /* 709-plus.png in Resources */,
				E949E6A5181133E90050FAD9 /* 739-question@2x.png in Resources */,
				E9578F0917FDB2F60035B289 /* InfoPlist.strings in Resources */,
				E9BF9CF418053E5B0055FBA3 /* 730-envelope.png in Resources */,
				E992E69C1802B09B00ED032A /* DateKeyboardView.xib in Resources */,
				E9578F1217FDB2F60035B289 /* Main.storyboard in Resources */,
				E99101EC1805110000F3B048 /* 711-trash@2x.png in Resources */,
			);
			runOnlyForDeploymentPostprocessing = 0;
		};
		E9578F1A17FDB2F60035B289 /* Resources */ = {
			isa = PBXResourcesBuildPhase;
			buildActionMask = 2147483647;
			files = (
				E9578F2817FDB2F60035B289 /* InfoPlist.strings in Resources */,
			);
			runOnlyForDeploymentPostprocessing = 0;
		};
/* End PBXResourcesBuildPhase section */

/* Begin PBXSourcesBuildPhase section */
		E9578EF717FDB2F50035B289 /* Sources */ = {
			isa = PBXSourcesBuildPhase;
			buildActionMask = 2147483647;
			files = (
				E949E69118101A4F0050FAD9 /* InputSettingEditViewController.m in Sources */,
				E9D54F66180BED4300167C19 /* InputViewSwitchCell.m in Sources */,
				E9B13E1717FE77CA0089B860 /* ItemValueModel.m in Sources */,
				E949E6981810337F0050FAD9 /* PickerDataSource.m in Sources */,
				E9578F1517FDB2F60035B289 /* CostInputViewController.m in Sources */,
				E9BF9CFC180543520055FBA3 /* CostListViewController.m in Sources */,
				E9578F0F17FDB2F60035B289 /* AppDelegate.m in Sources */,
				E9B13E4A17FEBA000089B860 /* Model.m in Sources */,
				E9B13E3017FEA5940089B860 /* FMDatabase.m in Sources */,
				E9BF9D051805B7280055FBA3 /* TableUtil.m in Sources */,
				E9D54F6B180C273200167C19 /* InputSettingListViewController.m in Sources */,
				E9B13E1D17FE77CA0089B860 /* ItemSettingModel.m in Sources */,
				E9B13E3E17FEAE050089B860 /* TravelCostDao.m in Sources */,
				E9B13E3317FEA5940089B860 /* FMDatabaseQueue.m in Sources */,
				E9B13E6118005BD60089B860 /* ItemValueDao.m in Sources */,
				E949E68A181018FC0050FAD9 /* BaseViewController.m in Sources */,
				E9BF9D0218055A8E0055FBA3 /* ModelManager.m in Sources */,
				E9B13E1A17FE77CA0089B860 /* TravelCostModel.m in Sources */,
				E9B13E3117FEA5940089B860 /* FMDatabaseAdditions.m in Sources */,
				E9578F0B17FDB2F60035B289 /* main.m in Sources */,
				E9B13E0F17FE6AF40089B860 /* MJPopupBackgroundView.m in Sources */,
				E99101D118044FFF00F3B048 /* iToast.m in Sources */,
				E9EEA6291800F95700FFAF63 /* StringUtil.m in Sources */,
				E949E69E1810C79A0050FAD9 /* OutputSettingListViewCell.m in Sources */,
				E9B13E5B18004CC00089B860 /* DateTimeUtil.m in Sources */,
				E986B7491802F41A00C1E5C1 /* PickerKeyboardViewController.m in Sources */,
				E9B13E3517FEA5940089B860 /* FMResultSet.m in Sources */,
				E992E69A18029C1E00ED032A /* InputViewCell.m in Sources */,
				E9BF9CFF1805475F0055FBA3 /* ListViewCell.m in Sources */,
				E9B13E4117FEB8C80089B860 /* Dao.m in Sources */,
				E9B13E5E18005B780089B860 /* ItemSettingDao.m in Sources */,
				E949E69B18103DFE0050FAD9 /* OutputSettingListViewController.m in Sources */,
				E9B13E3217FEA5940089B860 /* FMDatabasePool.m in Sources */,
				E992E6A21802B45500ED032A /* DateKeyboardViewController.m in Sources */,
				E99101C718044AC300F3B048 /* ViewUtil.m in Sources */,
				E9B13E3A17FEAA170089B860 /* DatabaseManager.m in Sources */,
				E949E6A1181132C80050FAD9 /* OutputSettingEditViewController.m in Sources */,
				E9B13E1017FE6AF40089B860 /* UIViewController+MJPopupViewController.m in Sources */,
			);
			runOnlyForDeploymentPostprocessing = 0;
		};
		E9578F1817FDB2F60035B289 /* Sources */ = {
			isa = PBXSourcesBuildPhase;
			buildActionMask = 2147483647;
			files = (
				E9578F2A17FDB2F60035B289 /* TravelCostTests.m in Sources */,
			);
			runOnlyForDeploymentPostprocessing = 0;
		};
/* End PBXSourcesBuildPhase section */

/* Begin PBXTargetDependency section */
		E9578F2217FDB2F60035B289 /* PBXTargetDependency */ = {
			isa = PBXTargetDependency;
			target = E9578EFA17FDB2F50035B289 /* TravelCost */;
			targetProxy = E9578F2117FDB2F60035B289 /* PBXContainerItemProxy */;
		};
/* End PBXTargetDependency section */

/* Begin PBXVariantGroup section */
		E9578F0717FDB2F60035B289 /* InfoPlist.strings */ = {
			isa = PBXVariantGroup;
			children = (
				E9578F0817FDB2F60035B289 /* en */,
			);
			name = InfoPlist.strings;
			sourceTree = "<group>";
		};
		E9578F1017FDB2F60035B289 /* Main.storyboard */ = {
			isa = PBXVariantGroup;
			children = (
				E9578F1117FDB2F60035B289 /* Base */,
			);
			name = Main.storyboard;
			sourceTree = "<group>";
		};
		E9578F2617FDB2F60035B289 /* InfoPlist.strings */ = {
			isa = PBXVariantGroup;
			children = (
				E9578F2717FDB2F60035B289 /* en */,
			);
			name = InfoPlist.strings;
			sourceTree = "<group>";
		};
/* End PBXVariantGroup section */

/* Begin XCBuildConfiguration section */
		E9578F2B17FDB2F60035B289 /* Debug */ = {
			isa = XCBuildConfiguration;
			buildSettings = {
				ALWAYS_SEARCH_USER_PATHS = NO;
				ARCHS = "$(ARCHS_STANDARD_INCLUDING_64_BIT)";
				CLANG_CXX_LANGUAGE_STANDARD = "gnu++0x";
				CLANG_CXX_LIBRARY = "libc++";
				CLANG_ENABLE_MODULES = YES;
				CLANG_ENABLE_OBJC_ARC = YES;
				CLANG_WARN_BOOL_CONVERSION = YES;
				CLANG_WARN_CONSTANT_CONVERSION = YES;
				CLANG_WARN_DIRECT_OBJC_ISA_USAGE = YES_ERROR;
				CLANG_WARN_EMPTY_BODY = YES;
				CLANG_WARN_ENUM_CONVERSION = YES;
				CLANG_WARN_INT_CONVERSION = YES;
				CLANG_WARN_OBJC_ROOT_CLASS = YES_ERROR;
				CLANG_WARN__DUPLICATE_METHOD_MATCH = YES;
				"CODE_SIGN_IDENTITY[sdk=iphoneos*]" = "iPhone Developer";
				COPY_PHASE_STRIP = NO;
				GCC_C_LANGUAGE_STANDARD = gnu99;
				GCC_DYNAMIC_NO_PIC = NO;
				GCC_OPTIMIZATION_LEVEL = 0;
				GCC_PREPROCESSOR_DEFINITIONS = (
					"DEBUG=1",
					"$(inherited)",
				);
				GCC_SYMBOLS_PRIVATE_EXTERN = NO;
				GCC_WARN_64_TO_32_BIT_CONVERSION = YES;
				GCC_WARN_ABOUT_RETURN_TYPE = YES_ERROR;
				GCC_WARN_UNDECLARED_SELECTOR = YES;
				GCC_WARN_UNINITIALIZED_AUTOS = YES;
				GCC_WARN_UNUSED_FUNCTION = YES;
				GCC_WARN_UNUSED_VARIABLE = YES;
				IPHONEOS_DEPLOYMENT_TARGET = 7.0;
				ONLY_ACTIVE_ARCH = YES;
				SDKROOT = iphoneos;
			};
			name = Debug;
		};
		E9578F2C17FDB2F60035B289 /* Release */ = {
			isa = XCBuildConfiguration;
			buildSettings = {
				ALWAYS_SEARCH_USER_PATHS = NO;
				ARCHS = "$(ARCHS_STANDARD_INCLUDING_64_BIT)";
				CLANG_CXX_LANGUAGE_STANDARD = "gnu++0x";
				CLANG_CXX_LIBRARY = "libc++";
				CLANG_ENABLE_MODULES = YES;
				CLANG_ENABLE_OBJC_ARC = YES;
				CLANG_WARN_BOOL_CONVERSION = YES;
				CLANG_WARN_CONSTANT_CONVERSION = YES;
				CLANG_WARN_DIRECT_OBJC_ISA_USAGE = YES_ERROR;
				CLANG_WARN_EMPTY_BODY = YES;
				CLANG_WARN_ENUM_CONVERSION = YES;
				CLANG_WARN_INT_CONVERSION = YES;
				CLANG_WARN_OBJC_ROOT_CLASS = YES_ERROR;
				CLANG_WARN__DUPLICATE_METHOD_MATCH = YES;
				"CODE_SIGN_IDENTITY[sdk=iphoneos*]" = "iPhone Developer";
				COPY_PHASE_STRIP = YES;
				ENABLE_NS_ASSERTIONS = NO;
				GCC_C_LANGUAGE_STANDARD = gnu99;
				GCC_WARN_64_TO_32_BIT_CONVERSION = YES;
				GCC_WARN_ABOUT_RETURN_TYPE = YES_ERROR;
				GCC_WARN_UNDECLARED_SELECTOR = YES;
				GCC_WARN_UNINITIALIZED_AUTOS = YES;
				GCC_WARN_UNUSED_FUNCTION = YES;
				GCC_WARN_UNUSED_VARIABLE = YES;
				IPHONEOS_DEPLOYMENT_TARGET = 7.0;
				SDKROOT = iphoneos;
				VALIDATE_PRODUCT = YES;
			};
			name = Release;
		};
		E9578F2E17FDB2F60035B289 /* Debug */ = {
			isa = XCBuildConfiguration;
			buildSettings = {
				ASSETCATALOG_COMPILER_APPICON_NAME = AppIcon;
				ASSETCATALOG_COMPILER_LAUNCHIMAGE_NAME = LaunchImage;
				CODE_SIGN_IDENTITY = "iPhone Developer";
				GCC_PRECOMPILE_PREFIX_HEADER = YES;
				GCC_PREFIX_HEADER = "TravelCost/TravelCost-Prefix.pch";
				INFOPLIST_FILE = "TravelCost/TravelCost-Info.plist";
				PRODUCT_NAME = "$(TARGET_NAME)";
				WRAPPER_EXTENSION = app;
			};
			name = Debug;
		};
		E9578F2F17FDB2F60035B289 /* Release */ = {
			isa = XCBuildConfiguration;
			buildSettings = {
				ASSETCATALOG_COMPILER_APPICON_NAME = AppIcon;
				ASSETCATALOG_COMPILER_LAUNCHIMAGE_NAME = LaunchImage;
				CODE_SIGN_IDENTITY = "iPhone Developer";
				GCC_PRECOMPILE_PREFIX_HEADER = YES;
				GCC_PREFIX_HEADER = "TravelCost/TravelCost-Prefix.pch";
				INFOPLIST_FILE = "TravelCost/TravelCost-Info.plist";
				PRODUCT_NAME = "$(TARGET_NAME)";
				WRAPPER_EXTENSION = app;
			};
			name = Release;
		};
		E9578F3117FDB2F60035B289 /* Debug */ = {
			isa = XCBuildConfiguration;
			buildSettings = {
				ARCHS = "$(ARCHS_STANDARD_INCLUDING_64_BIT)";
				BUNDLE_LOADER = "$(BUILT_PRODUCTS_DIR)/TravelCost.app/TravelCost";
				FRAMEWORK_SEARCH_PATHS = (
					"$(SDKROOT)/Developer/Library/Frameworks",
					"$(inherited)",
					"$(DEVELOPER_FRAMEWORKS_DIR)",
				);
				GCC_PRECOMPILE_PREFIX_HEADER = YES;
				GCC_PREFIX_HEADER = "TravelCost/TravelCost-Prefix.pch";
				GCC_PREPROCESSOR_DEFINITIONS = (
					"DEBUG=1",
					"$(inherited)",
				);
				INFOPLIST_FILE = "TravelCostTests/TravelCostTests-Info.plist";
				PRODUCT_NAME = "$(TARGET_NAME)";
				TEST_HOST = "$(BUNDLE_LOADER)";
				WRAPPER_EXTENSION = xctest;
			};
			name = Debug;
		};
		E9578F3217FDB2F60035B289 /* Release */ = {
			isa = XCBuildConfiguration;
			buildSettings = {
				ARCHS = "$(ARCHS_STANDARD_INCLUDING_64_BIT)";
				BUNDLE_LOADER = "$(BUILT_PRODUCTS_DIR)/TravelCost.app/TravelCost";
				FRAMEWORK_SEARCH_PATHS = (
					"$(SDKROOT)/Developer/Library/Frameworks",
					"$(inherited)",
					"$(DEVELOPER_FRAMEWORKS_DIR)",
				);
				GCC_PRECOMPILE_PREFIX_HEADER = YES;
				GCC_PREFIX_HEADER = "TravelCost/TravelCost-Prefix.pch";
				INFOPLIST_FILE = "TravelCostTests/TravelCostTests-Info.plist";
				PRODUCT_NAME = "$(TARGET_NAME)";
				TEST_HOST = "$(BUNDLE_LOADER)";
				WRAPPER_EXTENSION = xctest;
			};
			name = Release;
		};
/* End XCBuildConfiguration section */

/* Begin XCConfigurationList section */
		E9578EF617FDB2F50035B289 /* Build configuration list for PBXProject "TravelCost" */ = {
			isa = XCConfigurationList;
			buildConfigurations = (
				E9578F2B17FDB2F60035B289 /* Debug */,
				E9578F2C17FDB2F60035B289 /* Release */,
			);
			defaultConfigurationIsVisible = 0;
			defaultConfigurationName = Release;
		};
		E9578F2D17FDB2F60035B289 /* Build configuration list for PBXNativeTarget "TravelCost" */ = {
			isa = XCConfigurationList;
			buildConfigurations = (
				E9578F2E17FDB2F60035B289 /* Debug */,
				E9578F2F17FDB2F60035B289 /* Release */,
			);
			defaultConfigurationIsVisible = 0;
			defaultConfigurationName = Release;
		};
		E9578F3017FDB2F60035B289 /* Build configuration list for PBXNativeTarget "TravelCostTests" */ = {
			isa = XCConfigurationList;
			buildConfigurations = (
				E9578F3117FDB2F60035B289 /* Debug */,
				E9578F3217FDB2F60035B289 /* Release */,
			);
			defaultConfigurationIsVisible = 0;
			defaultConfigurationName = Release;
		};
/* End XCConfigurationList section */
	};
	rootObject = E9578EF317FDB2F50035B289 /* Project object */;
}
